// !$*UTF8*$!
{
	archiveVersion = 1;
	classes = {
	};
	objectVersion = 46;
	objects = {

/* Begin PBXBuildFile section */
		E26AFC901B13621E007565C7 /* CalculatorBrain.swift in Sources */ = {isa = PBXBuildFile; fileRef = E26AFC8F1B13621E007565C7 /* CalculatorBrain.swift */; };
		E2B603651B12EBBB00858056 /* AppDelegate.swift in Sources */ = {isa = PBXBuildFile; fileRef = E2B603641B12EBBB00858056 /* AppDelegate.swift */; };
		E2B603671B12EBBB00858056 /* ViewController.swift in Sources */ = {isa = PBXBuildFile; fileRef = E2B603661B12EBBB00858056 /* ViewController.swift */; };
		E2B6036A1B12EBBB00858056 /* Main.storyboard in Resources */ = {isa = PBXBuildFile; fileRef = E2B603681B12EBBB00858056 /* Main.storyboard */; };
		E2B6036C1B12EBBB00858056 /* Images.xcassets in Resources */ = {isa = PBXBuildFile; fileRef = E2B6036B1B12EBBB00858056 /* Images.xcassets */; };
		E2B6036F1B12EBBB00858056 /* LaunchScreen.xib in Resources */ = {isa = PBXBuildFile; fileRef = E2B6036D1B12EBBB00858056 /* LaunchScreen.xib */; };
		E2B6037B1B12EBBB00858056 /* calculatorTests.swift in Sources */ = {isa = PBXBuildFile; fileRef = E2B6037A1B12EBBB00858056 /* calculatorTests.swift */; };
/* End PBXBuildFile section */

/* Begin PBXContainerItemProxy section */
		E2B603751B12EBBB00858056 /* PBXContainerItemProxy */ = {
			isa = PBXContainerItemProxy;
			containerPortal = E2B603571B12EBBB00858056 /* Project object */;
			proxyType = 1;
			remoteGlobalIDString = E2B6035E1B12EBBB00858056;
			remoteInfo = calculator;
		};
/* End PBXContainerItemProxy section */

/* Begin PBXFileReference section */
		E26AFC8F1B13621E007565C7 /* CalculatorBrain.swift */ = {isa = PBXFileReference; fileEncoding = 4; lastKnownFileType = sourcecode.swift; path = CalculatorBrain.swift; sourceTree = "<group>"; };
		E2B6035F1B12EBBB00858056 /* calculator.app */ = {isa = PBXFileReference; explicitFileType = wrapper.application; includeInIndex = 0; path = calculator.app; sourceTree = BUILT_PRODUCTS_DIR; };
		E2B603631B12EBBB00858056 /* Info.plist */ = {isa = PBXFileReference; lastKnownFileType = text.plist.xml; path = Info.plist; sourceTree = "<group>"; };
		E2B603641B12EBBB00858056 /* AppDelegate.swift */ = {isa = PBXFileReference; lastKnownFileType = sourcecode.swift; path = AppDelegate.swift; sourceTree = "<group>"; };
		E2B603661B12EBBB00858056 /* ViewController.swift */ = {isa = PBXFileReference; lastKnownFileType = sourcecode.swift; path = ViewController.swift; sourceTree = "<group>"; };
		E2B603691B12EBBB00858056 /* Base */ = {isa = PBXFileReference; lastKnownFileType = file.storyboard; name = Base; path = Base.lproj/Main.storyboard; sourceTree = "<group>"; };
		E2B6036B1B12EBBB00858056 /* Images.xcassets */ = {isa = PBXFileReference; lastKnownFileType = folder.assetcatalog; path = Images.xcassets; sourceTree = "<group>"; };
		E2B6036E1B12EBBB00858056 /* Base */ = {isa = PBXFileReference; lastKnownFileType = file.xib; name = Base; path = Base.lproj/LaunchScreen.xib; sourceTree = "<group>"; };
		E2B603741B12EBBB00858056 /* calculatorTests.xctest */ = {isa = PBXFileReference; explicitFileType = wrapper.cfbundle; includeInIndex = 0; path = calculatorTests.xctest; sourceTree = BUILT_PRODUCTS_DIR; };
		E2B603791B12EBBB00858056 /* Info.plist */ = {isa = PBXFileReference; lastKnownFileType = text.plist.xml; path = Info.plist; sourceTree = "<group>"; };
		E2B6037A1B12EBBB00858056 /* calculatorTests.swift */ = {isa = PBXFileReference; lastKnownFileType = sourcecode.swift; path = calculatorTests.swift; sourceTree = "<group>"; };
/* End PBXFileReference section */

/* Begin PBXFrameworksBuildPhase section */
		E2B6035C1B12EBBB00858056 /* Frameworks */ = {
			isa = PBXFrameworksBuildPhase;
			buildActionMask = 2147483647;
			files = (
			);
			runOnlyForDeploymentPostprocessing = 0;
		};
		E2B603711B12EBBB00858056 /* Frameworks */ = {
			isa = PBXFrameworksBuildPhase;
			buildActionMask = 2147483647;
			files = (
			);
			runOnlyForDeploymentPostprocessing = 0;
		};
/* End PBXFrameworksBuildPhase section */

/* Begin PBXGroup section */
		E2B603561B12EBBB00858056 = {
			isa = PBXGroup;
			children = (
				E2B603611B12EBBB00858056 /* calculator */,
				E2B603771B12EBBB00858056 /* calculatorTests */,
				E2B603601B12EBBB00858056 /* Products */,
			);
			sourceTree = "<group>";
		};
		E2B603601B12EBBB00858056 /* Products */ = {
			isa = PBXGroup;
			children = (
				E2B6035F1B12EBBB00858056 /* calculator.app */,
				E2B603741B12EBBB00858056 /* calculatorTests.xctest */,
			);
			name = Products;
			sourceTree = "<group>";
		};
		E2B603611B12EBBB00858056 /* calculator */ = {
			isa = PBXGroup;
			children = (
				E2B603661B12EBBB00858056 /* ViewController.swift */,
				E2B603681B12EBBB00858056 /* Main.storyboard */,
				E26AFC8F1B13621E007565C7 /* CalculatorBrain.swift */,
				E2B603621B12EBBB00858056 /* Supporting Files */,
			);
			path = calculator;
			sourceTree = "<group>";
		};
		E2B603621B12EBBB00858056 /* Supporting Files */ = {
			isa = PBXGroup;
			children = (
				E2B6036B1B12EBBB00858056 /* Images.xcassets */,
				E2B6036D1B12EBBB00858056 /* LaunchScreen.xib */,
				E2B603641B12EBBB00858056 /* AppDelegate.swift */,
				E2B603631B12EBBB00858056 /* Info.plist */,
			);
			name = "Supporting Files";
			sourceTree = "<group>";
		};
		E2B603771B12EBBB00858056 /* calculatorTests */ = {
			isa = PBXGroup;
			children = (
				E2B6037A1B12EBBB00858056 /* calculatorTests.swift */,
				E2B603781B12EBBB00858056 /* Supporting Files */,
			);
			path = calculatorTests;
			sourceTree = "<group>";
		};
		E2B603781B12EBBB00858056 /* Supporting Files */ = {
			isa = PBXGroup;
			children = (
				E2B603791B12EBBB00858056 /* Info.plist */,
			);
			name = "Supporting Files";
			sourceTree = "<group>";
		};
/* End PBXGroup section */

/* Begin PBXNativeTarget section */
		E2B6035E1B12EBBB00858056 /* calculator */ = {
			isa = PBXNativeTarget;
			buildConfigurationList = E2B6037E1B12EBBB00858056 /* Build configuration list for PBXNativeTarget "calculator" */;
			buildPhases = (
				E2B6035B1B12EBBB00858056 /* Sources */,
				E2B6035C1B12EBBB00858056 /* Frameworks */,
				E2B6035D1B12EBBB00858056 /* Resources */,
			);
			buildRules = (
			);
			dependencies = (
			);
			name = calculator;
			productName = calculator;
			productReference = E2B6035F1B12EBBB00858056 /* calculator.app */;
			productType = "com.apple.product-type.application";
		};
		E2B603731B12EBBB00858056 /* calculatorTests */ = {
			isa = PBXNativeTarget;
			buildConfigurationList = E2B603811B12EBBB00858056 /* Build configuration list for PBXNativeTarget "calculatorTests" */;
			buildPhases = (
				E2B603701B12EBBB00858056 /* Sources */,
				E2B603711B12EBBB00858056 /* Frameworks */,
				E2B603721B12EBBB00858056 /* Resources */,
			);
			buildRules = (
			);
			dependencies = (
				E2B603761B12EBBB00858056 /* PBXTargetDependency */,
			);
			name = calculatorTests;
			productName = calculatorTests;
			productReference = E2B603741B12EBBB00858056 /* calculatorTests.xctest */;
			productType = "com.apple.product-type.bundle.unit-test";
		};
/* End PBXNativeTarget section */

/* Begin PBXProject section */
		E2B603571B12EBBB00858056 /* Project object */ = {
			isa = PBXProject;
			attributes = {
				LastUpgradeCheck = 0630;
				ORGANIZATIONNAME = "Aye Min Aung";
				TargetAttributes = {
					E2B6035E1B12EBBB00858056 = {
						CreatedOnToolsVersion = 6.3.2;
					};
					E2B603731B12EBBB00858056 = {
						CreatedOnToolsVersion = 6.3.2;
						TestTargetID = E2B6035E1B12EBBB00858056;
					};
				};
			};
			buildConfigurationList = E2B6035A1B12EBBB00858056 /* Build configuration list for PBXProject "calculator" */;
			compatibilityVersion = "Xcode 3.2";
			developmentRegion = English;
			hasScannedForEncodings = 0;
			knownRegions = (
				en,
				Base,
			);
			mainGroup = E2B603561B12EBBB00858056;
			productRefGroup = E2B603601B12EBBB00858056 /* Products */;
			projectDirPath = "";
			projectRoot = "";
			targets = (
				E2B6035E1B12EBBB00858056 /* calculator */,
				E2B603731B12EBBB00858056 /* calculatorTests */,
			);
		};
/* End PBXProject section */

/* Begin PBXResourcesBuildPhase section */
		E2B6035D1B12EBBB00858056 /* Resources */ = {
			isa = PBXResourcesBuildPhase;
			buildActionMask = 2147483647;
			files = (
				E2B6036A1B12EBBB00858056 /* Main.storyboard in Resources */,
				E2B6036F1B12EBBB00858056 /* LaunchScreen.xib in Resources */,
				E2B6036C1B12EBBB00858056 /* Images.xcassets in Resources */,
			);
			runOnlyForDeploymentPostprocessing = 0;
		};
		E2B603721B12EBBB00858056 /* Resources */ = {
			isa = PBXResourcesBuildPhase;
			buildActionMask = 2147483647;
			files = (
			);
			runOnlyForDeploymentPostprocessing = 0;
		};
/* End PBXResourcesBuildPhase section */

/* Begin PBXSourcesBuildPhase section */
		E2B6035B1B12EBBB00858056 /* Sources */ = {
			isa = PBXSourcesBuildPhase;
			buildActionMask = 2147483647;
			files = (
				E26AFC901B13621E007565C7 /* CalculatorBrain.swift in Sources */,
				E2B603671B12EBBB00858056 /* ViewController.swift in Sources */,
				E2B603651B12EBBB00858056 /* AppDelegate.swift in Sources */,
			);
			runOnlyForDeploymentPostprocessing = 0;
		};
		E2B603701B12EBBB00858056 /* Sources */ = {
			isa = PBXSourcesBuildPhase;
			buildActionMask = 2147483647;
			files = (
				E2B6037B1B12EBBB00858056 /* calculatorTests.swift in Sources */,
			);
			runOnlyForDeploymentPostprocessing = 0;
		};
/* End PBXSourcesBuildPhase section */

/* Begin PBXTargetDependency section */
		E2B603761B12EBBB00858056 /* PBXTargetDependency */ = {
			isa = PBXTargetDependency;
			target = E2B6035E1B12EBBB00858056 /* calculator */;
			targetProxy = E2B603751B12EBBB00858056 /* PBXContainerItemProxy */;
		};
/* End PBXTargetDependency section */

/* Begin PBXVariantGroup section */
		E2B603681B12EBBB00858056 /* Main.storyboard */ = {
			isa = PBXVariantGroup;
			children = (
				E2B603691B12EBBB00858056 /* Base */,
			);
			name = Main.storyboard;
			sourceTree = "<group>";
		};
		E2B6036D1B12EBBB00858056 /* LaunchScreen.xib */ = {
			isa = PBXVariantGroup;
			children = (
				E2B6036E1B12EBBB00858056 /* Base */,
			);
			name = LaunchScreen.xib;
			sourceTree = "<group>";
		};
/* End PBXVariantGroup section */

/* Begin XCBuildConfiguration section */
		E2B6037C1B12EBBB00858056 /* Debug */ = {
			isa = XCBuildConfiguration;
			buildSettings = {
				ALWAYS_SEARCH_USER_PATHS = NO;
				CLANG_CXX_LANGUAGE_STANDARD = "gnu++0x";
				CLANG_CXX_LIBRARY = "libc++";
				CLANG_ENABLE_MODULES = YES;
				CLANG_ENABLE_OBJC_ARC = YES;
				CLANG_WARN_BOOL_CONVERSION = YES;
				CLANG_WARN_CONSTANT_CONVERSION = YES;
				CLANG_WARN_DIRECT_OBJC_ISA_USAGE = YES_ERROR;
				CLANG_WARN_EMPTY_BODY = YES;
				CLANG_WARN_ENUM_CONVERSION = YES;
				CLANG_WARN_INT_CONVERSION = YES;
				CLANG_WARN_OBJC_ROOT_CLASS = YES_ERROR;
				CLANG_WARN_UNREACHABLE_CODE = YES;
				CLANG_WARN__DUPLICATE_METHOD_MATCH = YES;
				"CODE_SIGN_IDENTITY[sdk=iphoneos*]" = "iPhone Developer";
				COPY_PHASE_STRIP = NO;
				DEBUG_INFORMATION_FORMAT = "dwarf-with-dsym";
				ENABLE_STRICT_OBJC_MSGSEND = YES;
				GCC_C_LANGUAGE_STANDARD = gnu99;
				GCC_DYNAMIC_NO_PIC = NO;
				GCC_NO_COMMON_BLOCKS = YES;
				GCC_OPTIMIZATION_LEVEL = 0;
				GCC_PREPROCESSOR_DEFINITIONS = (
					"DEBUG=1",
					"$(inherited)",
				);
				GCC_SYMBOLS_PRIVATE_EXTERN = NO;
				GCC_WARN_64_TO_32_BIT_CONVERSION = YES;
				GCC_WARN_ABOUT_RETURN_TYPE = YES_ERROR;
				GCC_WARN_UNDECLARED_SELECTOR = YES;
				GCC_WARN_UNINITIALIZED_AUTOS = YES_AGGRESSIVE;
				GCC_WARN_UNUSED_FUNCTION = YES;
				GCC_WARN_UNUSED_VARIABLE = YES;
				IPHONEOS_DEPLOYMENT_TARGET = 8.3;
				MTL_ENABLE_DEBUG_INFO = YES;
				ONLY_ACTIVE_ARCH = YES;
				SDKROOT = iphoneos;
				SWIFT_OPTIMIZATION_LEVEL = "-Onone";
				TARGETED_DEVICE_FAMILY = "1,2";
			};
			name = Debug;
		};
		E2B6037D1B12EBBB00858056 /* Release */ = {
			isa = XCBuildConfiguration;
			buildSettings = {
				ALWAYS_SEARCH_USER_PATHS = NO;
				CLANG_CXX_LANGUAGE_STANDARD = "gnu++0x";
				CLANG_CXX_LIBRARY = "libc++";
				CLANG_ENABLE_MODULES = YES;
				CLANG_ENABLE_OBJC_ARC = YES;
				CLANG_WARN_BOOL_CONVERSION = YES;
				CLANG_WARN_CONSTANT_CONVERSION = YES;
				CLANG_WARN_DIRECT_OBJC_ISA_USAGE = YES_ERROR;
				CLANG_WARN_EMPTY_BODY = YES;
				CLANG_WARN_ENUM_CONVERSION = YES;
				CLANG_WARN_INT_CONVERSION = YES;
				CLANG_WARN_OBJC_ROOT_CLASS = YES_ERROR;
				CLANG_WARN_UNREACHABLE_CODE = YES;
				CLANG_WARN__DUPLICATE_METHOD_MATCH = YES;
				"CODE_SIGN_IDENTITY[sdk=iphoneos*]" = "iPhone Developer";
				COPY_PHASE_STRIP = NO;
				DEBUG_INFORMATION_FORMAT = "dwarf-with-dsym";
				ENABLE_NS_ASSERTIONS = NO;
				ENABLE_STRICT_OBJC_MSGSEND = YES;
				GCC_C_LANGUAGE_STANDARD = gnu99;
				GCC_NO_COMMON_BLOCKS = YES;
				GCC_WARN_64_TO_32_BIT_CONVERSION = YES;
				GCC_WARN_ABOUT_RETURN_TYPE = YES_ERROR;
				GCC_WARN_UNDECLARED_SELECTOR = YES;
				GCC_WARN_UNINITIALIZED_AUTOS = YES_AGGRESSIVE;
				GCC_WARN_UNUSED_FUNCTION = YES;
				GCC_WARN_UNUSED_VARIABLE = YES;
				IPHONEOS_DEPLOYMENT_TARGET = 8.3;
				MTL_ENABLE_DEBUG_INFO = NO;
				SDKROOT = iphoneos;
				TARGETED_DEVICE_FAMILY = "1,2";
				VALIDATE_PRODUCT = YES;
			};
			name = Release;
		};
		E2B6037F1B12EBBB00858056 /* Debug */ = {
			isa = XCBuildConfiguration;
			buildSettings = {
				ASSETCATALOG_COMPILER_APPICON_NAME = AppIcon;
				INFOPLIST_FILE = calculator/Info.plist;
				LD_RUNPATH_SEARCH_PATHS = "$(inherited) @executable_path/Frameworks";
				PRODUCT_NAME = "$(TARGET_NAME)";
			};
			name = Debug;
		};
		E2B603801B12EBBB00858056 /* Release */ = {
			isa = XCBuildConfiguration;
			buildSettings = {
				ASSETCATALOG_COMPILER_APPICON_NAME = AppIcon;
				INFOPLIST_FILE = calculator/Info.plist;
				LD_RUNPATH_SEARCH_PATHS = "$(inherited) @executable_path/Frameworks";
				PRODUCT_NAME = "$(TARGET_NAME)";
			};
			name = Release;
		};
		E2B603821B12EBBB00858056 /* Debug */ = {
			isa = XCBuildConfiguration;
			buildSettings = {
				BUNDLE_LOADER = "$(TEST_HOST)";
				FRAMEWORK_SEARCH_PATHS = (
					"$(SDKROOT)/Developer/Library/Frameworks",
					"$(inherited)",
				);
				GCC_PREPROCESSOR_DEFINITIONS = (
					"DEBUG=1",
					"$(inherited)",
				);
				INFOPLIST_FILE = calculatorTests/Info.plist;
				LD_RUNPATH_SEARCH_PATHS = "$(inherited) @executable_path/Frameworks @loader_path/Frameworks";
				PRODUCT_NAME = "$(TARGET_NAME)";
				TEST_HOST = "$(BUILT_PRODUCTS_DIR)/calculator.app/calculator";
			};
			name = Debug;
		};
		E2B603831B12EBBB00858056 /* Release */ = {
			isa = XCBuildConfiguration;
			buildSettings = {
				BUNDLE_LOADER = "$(TEST_HOST)";
				FRAMEWORK_SEARCH_PATHS = (
					"$(SDKROOT)/Developer/Library/Frameworks",
					"$(inherited)",
				);
				INFOPLIST_FILE = calculatorTests/Info.plist;
				LD_RUNPATH_SEARCH_PATHS = "$(inherited) @executable_path/Frameworks @loader_path/Frameworks";
				PRODUCT_NAME = "$(TARGET_NAME)";
				TEST_HOST = "$(BUILT_PRODUCTS_DIR)/calculator.app/calculator";
			};
			name = Release;
		};
/* End XCBuildConfiguration section */

/* Begin XCConfigurationList section */
		E2B6035A1B12EBBB00858056 /* Build configuration list for PBXProject "calculator" */ = {
			isa = XCConfigurationList;
			buildConfigurations = (
				E2B6037C1B12EBBB00858056 /* Debug */,
				E2B6037D1B12EBBB00858056 /* Release */,
			);
			defaultConfigurationIsVisible = 0;
			defaultConfigurationName = Release;
		};
		E2B6037E1B12EBBB00858056 /* Build configuration list for PBXNativeTarget "calculator" */ = {
			isa = XCConfigurationList;
			buildConfigurations = (
				E2B6037F1B12EBBB00858056 /* Debug */,
				E2B603801B12EBBB00858056 /* Release */,
			);
			defaultConfigurationIsVisible = 0;
			defaultConfigurationName = Release;
		};
		E2B603811B12EBBB00858056 /* Build configuration list for PBXNativeTarget "calculatorTests" */ = {
			isa = XCConfigurationList;
			buildConfigurations = (
				E2B603821B12EBBB00858056 /* Debug */,
				E2B603831B12EBBB00858056 /* Release */,
			);
			defaultConfigurationIsVisible = 0;
			defaultConfigurationName = Release;
		};
/* End XCConfigurationList section */
	};
	rootObject = E2B603571B12EBBB00858056 /* Project object */;
}
